
Microsoft Visual Studio Solution File, Format Version 12.00
# Visual Studio Version 16
VisualStudioVersion = 16.0.29905.134
MinimumVisualStudioVersion = 10.0.40219.1
Project("{FAE04EC0-301F-11D3-BF4B-00C04F79EFBC}") = "UserProgress.Service", "UserProgress.Service\UserProgress.Service.csproj", "{44DC7E81-DC7B-49D2-8877-52E8E6A7F613}"
EndProject
Global
	GlobalSection(SolutionConfigurationPlatforms) = preSolution
		Debug|Any CPU = Debug|Any CPU
		Release|Any CPU = Release|Any CPU
	EndGlobalSection
	GlobalSection(ProjectConfigurationPlatforms) = postSolution
		{44DC7E81-DC7B-49D2-8877-52E8E6A7F613}.Debug|Any CPU.ActiveCfg = Debug|Any CPU
		{44DC7E81-DC7B-49D2-8877-52E8E6A7F613}.Debug|Any CPU.Build.0 = Debug|Any CPU
		{44DC7E81-DC7B-49D2-8877-52E8E6A7F613}.Release|Any CPU.ActiveCfg = Release|Any CPU
		{44DC7E81-DC7B-49D2-8877-52E8E6A7F613}.Release|Any CPU.Build.0 = Release|Any CPU
	EndGlobalSection
	GlobalSection(SolutionProperties) = preSolution
		HideSolutionNode = FALSE
	EndGlobalSection
	GlobalSection(ExtensibilityGlobals) = postSolution
		SolutionGuid = {995E6BF7-A008-4796-9EB9-BAA83377F5FB}
	EndGlobalSection
EndGlobal
